
Microsoft Visual Studio Solution File, Format Version 12.00
# Visual Studio Version 17
VisualStudioVersion = 17.10.35027.167
MinimumVisualStudioVersion = 10.0.40219.1
Project("{2150E333-8FDC-42A3-9474-1A3956D46DE8}") = "src", "src", "{940F59BC-0DB3-4438-B022-40608FCE19A9}"
EndProject
Project("{2150E333-8FDC-42A3-9474-1A3956D46DE8}") = "test", "test", "{7C40737E-6016-4AB3-B4CB-D9A46C5E1965}"
EndProject
Project("{2150E333-8FDC-42A3-9474-1A3956D46DE8}") = "Application", "Application", "{5B5AF6A0-2659-44B9-B079-1CC70BDB8F73}"
EndProject
Project("{2150E333-8FDC-42A3-9474-1A3956D46DE8}") = "Domain", "Domain", "{F61C0A95-AFB5-48CC-A4CE-BE6915D3B2D8}"
EndProject
Project("{2150E333-8FDC-42A3-9474-1A3956D46DE8}") = "Infra", "Infra", "{3D5AE2F0-8A8A-4755-A778-4F3430462F9B}"
EndProject
Project("{2150E333-8FDC-42A3-9474-1A3956D46DE8}") = "API", "API", "{7987FCDA-90F0-4624-837C-EEABB7A3E8AF}"
EndProject
Project("{FAE04EC0-301F-11D3-BF4B-00C04F79EFBC}") = "SPA.Api", "src\API\SPA.Api\SPA.Api.csproj", "{2DC30FE5-D741-4B1B-B6F2-52E70C0974CC}"
EndProject
Project("{FAE04EC0-301F-11D3-BF4B-00C04F79EFBC}") = "SPA.Domain", "src\Domain\SPA.Domain\SPA.Domain.csproj", "{59E80DEE-F821-4B32-BF28-64C68970391C}"
EndProject
Project("{2150E333-8FDC-42A3-9474-1A3956D46DE8}") = "CrossCutting", "CrossCutting", "{80DF8002-7294-4C8A-A08C-B93C6AA5B0C8}"
EndProject
Project("{2150E333-8FDC-42A3-9474-1A3956D46DE8}") = "Data", "Data", "{F7E004B9-BED1-4BA5-A1D0-D8B90A6FF7A6}"
EndProject
Project("{FAE04EC0-301F-11D3-BF4B-00C04F79EFBC}") = "SPA.Data", "src\Infra\Data\SPA.Data\SPA.Data.csproj", "{4B7D7681-8EF4-45D0-A07C-03DE48BE3C86}"
EndProject
Project("{FAE04EC0-301F-11D3-BF4B-00C04F79EFBC}") = "SPA.CrossCutting", "src\Infra\CrossCutting\SPA.CrossCutting\SPA.CrossCutting.csproj", "{D8775839-5870-4F11-AF74-D08A754BEDDD}"
EndProject
Project("{FAE04EC0-301F-11D3-BF4B-00C04F79EFBC}") = "SPA.Application", "src\Application\SPA.Application\SPA.Application.csproj", "{24E632E7-3F21-4F10-9B15-DAF05B663797}"
EndProject
Project("{FAE04EC0-301F-11D3-BF4B-00C04F79EFBC}") = "SPA.Test", "test\SPA.Test\SPA.Test.csproj", "{67C2F28F-582E-4DB5-A656-73BC81BF9908}"
EndProject
Global
	GlobalSection(SolutionConfigurationPlatforms) = preSolution
		Debug|Any CPU = Debug|Any CPU
		Release|Any CPU = Release|Any CPU
	EndGlobalSection
	GlobalSection(ProjectConfigurationPlatforms) = postSolution
		{2DC30FE5-D741-4B1B-B6F2-52E70C0974CC}.Debug|Any CPU.ActiveCfg = Debug|Any CPU
		{2DC30FE5-D741-4B1B-B6F2-52E70C0974CC}.Debug|Any CPU.Build.0 = Debug|Any CPU
		{2DC30FE5-D741-4B1B-B6F2-52E70C0974CC}.Release|Any CPU.ActiveCfg = Release|Any CPU
		{2DC30FE5-D741-4B1B-B6F2-52E70C0974CC}.Release|Any CPU.Build.0 = Release|Any CPU
		{59E80DEE-F821-4B32-BF28-64C68970391C}.Debug|Any CPU.ActiveCfg = Debug|Any CPU
		{59E80DEE-F821-4B32-BF28-64C68970391C}.Debug|Any CPU.Build.0 = Debug|Any CPU
		{59E80DEE-F821-4B32-BF28-64C68970391C}.Release|Any CPU.ActiveCfg = Release|Any CPU
		{59E80DEE-F821-4B32-BF28-64C68970391C}.Release|Any CPU.Build.0 = Release|Any CPU
		{4B7D7681-8EF4-45D0-A07C-03DE48BE3C86}.Debug|Any CPU.ActiveCfg = Debug|Any CPU
		{4B7D7681-8EF4-45D0-A07C-03DE48BE3C86}.Debug|Any CPU.Build.0 = Debug|Any CPU
		{4B7D7681-8EF4-45D0-A07C-03DE48BE3C86}.Release|Any CPU.ActiveCfg = Release|Any CPU
		{4B7D7681-8EF4-45D0-A07C-03DE48BE3C86}.Release|Any CPU.Build.0 = Release|Any CPU
		{D8775839-5870-4F11-AF74-D08A754BEDDD}.Debug|Any CPU.ActiveCfg = Debug|Any CPU
		{D8775839-5870-4F11-AF74-D08A754BEDDD}.Debug|Any CPU.Build.0 = Debug|Any CPU
		{D8775839-5870-4F11-AF74-D08A754BEDDD}.Release|Any CPU.ActiveCfg = Release|Any CPU
		{D8775839-5870-4F11-AF74-D08A754BEDDD}.Release|Any CPU.Build.0 = Release|Any CPU
		{24E632E7-3F21-4F10-9B15-DAF05B663797}.Debug|Any CPU.ActiveCfg = Debug|Any CPU
		{24E632E7-3F21-4F10-9B15-DAF05B663797}.Debug|Any CPU.Build.0 = Debug|Any CPU
		{24E632E7-3F21-4F10-9B15-DAF05B663797}.Release|Any CPU.ActiveCfg = Release|Any CPU
		{24E632E7-3F21-4F10-9B15-DAF05B663797}.Release|Any CPU.Build.0 = Release|Any CPU
		{67C2F28F-582E-4DB5-A656-73BC81BF9908}.Debug|Any CPU.ActiveCfg = Debug|Any CPU
		{67C2F28F-582E-4DB5-A656-73BC81BF9908}.Debug|Any CPU.Build.0 = Debug|Any CPU
		{67C2F28F-582E-4DB5-A656-73BC81BF9908}.Release|Any CPU.ActiveCfg = Release|Any CPU
		{67C2F28F-582E-4DB5-A656-73BC81BF9908}.Release|Any CPU.Build.0 = Release|Any CPU
	EndGlobalSection
	GlobalSection(SolutionProperties) = preSolution
		HideSolutionNode = FALSE
	EndGlobalSection
	GlobalSection(NestedProjects) = preSolution
		{5B5AF6A0-2659-44B9-B079-1CC70BDB8F73} = {940F59BC-0DB3-4438-B022-40608FCE19A9}
		{F61C0A95-AFB5-48CC-A4CE-BE6915D3B2D8} = {940F59BC-0DB3-4438-B022-40608FCE19A9}
		{3D5AE2F0-8A8A-4755-A778-4F3430462F9B} = {940F59BC-0DB3-4438-B022-40608FCE19A9}
		{7987FCDA-90F0-4624-837C-EEABB7A3E8AF} = {940F59BC-0DB3-4438-B022-40608FCE19A9}
		{2DC30FE5-D741-4B1B-B6F2-52E70C0974CC} = {7987FCDA-90F0-4624-837C-EEABB7A3E8AF}
		{59E80DEE-F821-4B32-BF28-64C68970391C} = {F61C0A95-AFB5-48CC-A4CE-BE6915D3B2D8}
		{80DF8002-7294-4C8A-A08C-B93C6AA5B0C8} = {3D5AE2F0-8A8A-4755-A778-4F3430462F9B}
		{F7E004B9-BED1-4BA5-A1D0-D8B90A6FF7A6} = {3D5AE2F0-8A8A-4755-A778-4F3430462F9B}
		{4B7D7681-8EF4-45D0-A07C-03DE48BE3C86} = {F7E004B9-BED1-4BA5-A1D0-D8B90A6FF7A6}
		{D8775839-5870-4F11-AF74-D08A754BEDDD} = {80DF8002-7294-4C8A-A08C-B93C6AA5B0C8}
		{24E632E7-3F21-4F10-9B15-DAF05B663797} = {5B5AF6A0-2659-44B9-B079-1CC70BDB8F73}
		{67C2F28F-582E-4DB5-A656-73BC81BF9908} = {7C40737E-6016-4AB3-B4CB-D9A46C5E1965}
	EndGlobalSection
	GlobalSection(ExtensibilityGlobals) = postSolution
		SolutionGuid = {48F4234F-807A-4A14-96E4-C422BBCEA4D2}
	EndGlobalSection
EndGlobal
